
Microsoft Visual Studio Solution File, Format Version 12.00
# Visual Studio 15
VisualStudioVersion = 15.0.28307.1831
MinimumVisualStudioVersion = 10.0.40219.1
Project("{FAE04EC0-301F-11D3-BF4B-00C04F79EFBC}") = "WindowsFormsApp2", "WindowsFormsApp2\WindowsFormsApp2.csproj", "{271F4974-A4C0-4071-B1CE-164FA04499D6}"
EndProject
Global
	GlobalSection(SolutionConfigurationPlatforms) = preSolution
		Debug|Any CPU = Debug|Any CPU
		Release|Any CPU = Release|Any CPU
	EndGlobalSection
	GlobalSection(ProjectConfigurationPlatforms) = postSolution
		{271F4974-A4C0-4071-B1CE-164FA04499D6}.Debug|Any CPU.ActiveCfg = Debug|Any CPU
		{271F4974-A4C0-4071-B1CE-164FA04499D6}.Debug|Any CPU.Build.0 = Debug|Any CPU
		{271F4974-A4C0-4071-B1CE-164FA04499D6}.Release|Any CPU.ActiveCfg = Release|Any CPU
		{271F4974-A4C0-4071-B1CE-164FA04499D6}.Release|Any CPU.Build.0 = Release|Any CPU
	EndGlobalSection
	GlobalSection(SolutionProperties) = preSolution
		HideSolutionNode = FALSE
	EndGlobalSection
	GlobalSection(ExtensibilityGlobals) = postSolution
		SolutionGuid = {C1382E8D-83DC-4492-9214-8A3D3826F38F}
	EndGlobalSection
EndGlobal
